
Microsoft Visual Studio Solution File, Format Version 12.00
# Visual Studio 2012
Project("{FAE04EC0-301F-11D3-BF4B-00C04F79EFBC}") = "Program Tutucu", "Program Tutucu\Program Tutucu.csproj", "{DBAEE91A-996E-4D2D-9FE7-2F16382F6899}"
EndProject
Global
	GlobalSection(SolutionConfigurationPlatforms) = preSolution
		Debug|Any CPU = Debug|Any CPU
		Release|Any CPU = Release|Any CPU
	EndGlobalSection
	GlobalSection(ProjectConfigurationPlatforms) = postSolution
		{DBAEE91A-996E-4D2D-9FE7-2F16382F6899}.Debug|Any CPU.ActiveCfg = Debug|Any CPU
		{DBAEE91A-996E-4D2D-9FE7-2F16382F6899}.Debug|Any CPU.Build.0 = Debug|Any CPU
		{DBAEE91A-996E-4D2D-9FE7-2F16382F6899}.Release|Any CPU.ActiveCfg = Release|Any CPU
		{DBAEE91A-996E-4D2D-9FE7-2F16382F6899}.Release|Any CPU.Build.0 = Release|Any CPU
	EndGlobalSection
	GlobalSection(SolutionProperties) = preSolution
		HideSolutionNode = FALSE
	EndGlobalSection
EndGlobal
